
Microsoft Visual Studio Solution File, Format Version 12.00
# Visual Studio Version 17
VisualStudioVersion = 17.5.33516.290
MinimumVisualStudioVersion = 10.0.40219.1
Project("{FAE04EC0-301F-11D3-BF4B-00C04F79EFBC}") = "FocusTV", "FocusTV.csproj", "{D653CC18-CABB-49EE-95BF-7BF66DE0E4E1}"
EndProject
Global
	GlobalSection(SolutionConfigurationPlatforms) = preSolution
		Debug|Any CPU = Debug|Any CPU
		Release|Any CPU = Release|Any CPU
	EndGlobalSection
	GlobalSection(ProjectConfigurationPlatforms) = postSolution
		{D653CC18-CABB-49EE-95BF-7BF66DE0E4E1}.Debug|Any CPU.ActiveCfg = Debug|Any CPU
		{D653CC18-CABB-49EE-95BF-7BF66DE0E4E1}.Debug|Any CPU.Build.0 = Debug|Any CPU
		{D653CC18-CABB-49EE-95BF-7BF66DE0E4E1}.Release|Any CPU.ActiveCfg = Release|Any CPU
		{D653CC18-CABB-49EE-95BF-7BF66DE0E4E1}.Release|Any CPU.Build.0 = Release|Any CPU
	EndGlobalSection
	GlobalSection(SolutionProperties) = preSolution
		HideSolutionNode = FALSE
	EndGlobalSection
	GlobalSection(ExtensibilityGlobals) = postSolution
		SolutionGuid = {9CB9C219-DBA3-47AF-9B2F-7EBF51CB7883}
	EndGlobalSection
EndGlobal
